
Microsoft Visual Studio Solution File, Format Version 12.00
# Visual Studio 2013
VisualStudioVersion = 12.0.31101.0
MinimumVisualStudioVersion = 10.0.40219.1
Project("{FAE04EC0-301F-11D3-BF4B-00C04F79EFBC}") = "Multiplayer Software Game Engineering", "Final Year Project\Final Year Project\Multiplayer Software Game Engineering.csproj", "{74F78ABB-BB83-46AB-9FE1-1934A6C87AFD}"
EndProject
Project("{FAE04EC0-301F-11D3-BF4B-00C04F79EFBC}") = "Multiplayer Software Game Engineering Content", "Final Year Project\Final Year ProjectContent\Multiplayer Software Game Engineering Content.contentproj", "{79F6D01A-1D1F-4A25-AB96-348B7937E2BD}"
EndProject
Project("{FAE04EC0-301F-11D3-BF4B-00C04F79EFBC}") = "Server", "Server\Server.csproj", "{5B72078A-DDBB-4F5E-8F80-225D22829CCC}"
EndProject
Project("{F088123C-0E9E-452A-89E6-6BA2F21D5CAC}") = "Multiplayer Game Software Engineering Diagrams", "Multiplayer Game Software Engineering Diagrams\Multiplayer Game Software Engineering Diagrams.modelproj", "{4BC563FB-1374-4D84-AE02-F9CAB0059717}"
EndProject
Global
	GlobalSection(SolutionConfigurationPlatforms) = preSolution
		Debug|Any CPU = Debug|Any CPU
		Debug|Mixed Platforms = Debug|Mixed Platforms
		Debug|x86 = Debug|x86
		Release|Any CPU = Release|Any CPU
		Release|Mixed Platforms = Release|Mixed Platforms
		Release|x86 = Release|x86
	EndGlobalSection
	GlobalSection(ProjectConfigurationPlatforms) = postSolution
		{74F78ABB-BB83-46AB-9FE1-1934A6C87AFD}.Debug|Any CPU.ActiveCfg = Debug|x86
		{74F78ABB-BB83-46AB-9FE1-1934A6C87AFD}.Debug|Mixed Platforms.ActiveCfg = Debug|x86
		{74F78ABB-BB83-46AB-9FE1-1934A6C87AFD}.Debug|Mixed Platforms.Build.0 = Debug|x86
		{74F78ABB-BB83-46AB-9FE1-1934A6C87AFD}.Debug|x86.ActiveCfg = Debug|x86
		{74F78ABB-BB83-46AB-9FE1-1934A6C87AFD}.Debug|x86.Build.0 = Debug|x86
		{74F78ABB-BB83-46AB-9FE1-1934A6C87AFD}.Release|Any CPU.ActiveCfg = Release|x86
		{74F78ABB-BB83-46AB-9FE1-1934A6C87AFD}.Release|Mixed Platforms.ActiveCfg = Release|x86
		{74F78ABB-BB83-46AB-9FE1-1934A6C87AFD}.Release|Mixed Platforms.Build.0 = Release|x86
		{74F78ABB-BB83-46AB-9FE1-1934A6C87AFD}.Release|x86.ActiveCfg = Release|x86
		{74F78ABB-BB83-46AB-9FE1-1934A6C87AFD}.Release|x86.Build.0 = Release|x86
		{79F6D01A-1D1F-4A25-AB96-348B7937E2BD}.Debug|Any CPU.ActiveCfg = Debug|x86
		{79F6D01A-1D1F-4A25-AB96-348B7937E2BD}.Debug|Mixed Platforms.ActiveCfg = Debug|x86
		{79F6D01A-1D1F-4A25-AB96-348B7937E2BD}.Debug|x86.ActiveCfg = Debug|x86
		{79F6D01A-1D1F-4A25-AB96-348B7937E2BD}.Release|Any CPU.ActiveCfg = Release|x86
		{79F6D01A-1D1F-4A25-AB96-348B7937E2BD}.Release|Mixed Platforms.ActiveCfg = Release|x86
		{79F6D01A-1D1F-4A25-AB96-348B7937E2BD}.Release|x86.ActiveCfg = Release|x86
		{5B72078A-DDBB-4F5E-8F80-225D22829CCC}.Debug|Any CPU.ActiveCfg = Debug|Any CPU
		{5B72078A-DDBB-4F5E-8F80-225D22829CCC}.Debug|Any CPU.Build.0 = Debug|Any CPU
		{5B72078A-DDBB-4F5E-8F80-225D22829CCC}.Debug|Mixed Platforms.ActiveCfg = Debug|Any CPU
		{5B72078A-DDBB-4F5E-8F80-225D22829CCC}.Debug|Mixed Platforms.Build.0 = Debug|Any CPU
		{5B72078A-DDBB-4F5E-8F80-225D22829CCC}.Debug|x86.ActiveCfg = Debug|Any CPU
		{5B72078A-DDBB-4F5E-8F80-225D22829CCC}.Debug|x86.Build.0 = Debug|Any CPU
		{5B72078A-DDBB-4F5E-8F80-225D22829CCC}.Release|Any CPU.ActiveCfg = Release|Any CPU
		{5B72078A-DDBB-4F5E-8F80-225D22829CCC}.Release|Any CPU.Build.0 = Release|Any CPU
		{5B72078A-DDBB-4F5E-8F80-225D22829CCC}.Release|Mixed Platforms.ActiveCfg = Release|Any CPU
		{5B72078A-DDBB-4F5E-8F80-225D22829CCC}.Release|Mixed Platforms.Build.0 = Release|Any CPU
		{5B72078A-DDBB-4F5E-8F80-225D22829CCC}.Release|x86.ActiveCfg = Release|Any CPU
		{4BC563FB-1374-4D84-AE02-F9CAB0059717}.Debug|Any CPU.ActiveCfg = Debug|Any CPU
		{4BC563FB-1374-4D84-AE02-F9CAB0059717}.Debug|Any CPU.Build.0 = Debug|Any CPU
		{4BC563FB-1374-4D84-AE02-F9CAB0059717}.Debug|Mixed Platforms.ActiveCfg = Debug|Any CPU
		{4BC563FB-1374-4D84-AE02-F9CAB0059717}.Debug|Mixed Platforms.Build.0 = Debug|Any CPU
		{4BC563FB-1374-4D84-AE02-F9CAB0059717}.Debug|x86.ActiveCfg = Debug|Any CPU
		{4BC563FB-1374-4D84-AE02-F9CAB0059717}.Release|Any CPU.ActiveCfg = Release|Any CPU
		{4BC563FB-1374-4D84-AE02-F9CAB0059717}.Release|Any CPU.Build.0 = Release|Any CPU
		{4BC563FB-1374-4D84-AE02-F9CAB0059717}.Release|Mixed Platforms.ActiveCfg = Release|Any CPU
		{4BC563FB-1374-4D84-AE02-F9CAB0059717}.Release|Mixed Platforms.Build.0 = Release|Any CPU
		{4BC563FB-1374-4D84-AE02-F9CAB0059717}.Release|x86.ActiveCfg = Release|Any CPU
	EndGlobalSection
	GlobalSection(SolutionProperties) = preSolution
		HideSolutionNode = FALSE
	EndGlobalSection
EndGlobal
